
Microsoft Visual Studio Solution File, Format Version 12.00
# Visual Studio Version 17
VisualStudioVersion = 17.11.35219.272
MinimumVisualStudioVersion = 10.0.40219.1
Project("{FAE04EC0-301F-11D3-BF4B-00C04F79EFBC}") = "Homework_8", "Homework_8\Homework_8.csproj", "{9A6007DD-EDA4-4721-9478-63D8C865A032}"
EndProject
Global
	GlobalSection(SolutionConfigurationPlatforms) = preSolution
		Debug|Any CPU = Debug|Any CPU
		Release|Any CPU = Release|Any CPU
	EndGlobalSection
	GlobalSection(ProjectConfigurationPlatforms) = postSolution
		{9A6007DD-EDA4-4721-9478-63D8C865A032}.Debug|Any CPU.ActiveCfg = Debug|Any CPU
		{9A6007DD-EDA4-4721-9478-63D8C865A032}.Debug|Any CPU.Build.0 = Debug|Any CPU
		{9A6007DD-EDA4-4721-9478-63D8C865A032}.Release|Any CPU.ActiveCfg = Release|Any CPU
		{9A6007DD-EDA4-4721-9478-63D8C865A032}.Release|Any CPU.Build.0 = Release|Any CPU
	EndGlobalSection
	GlobalSection(SolutionProperties) = preSolution
		HideSolutionNode = FALSE
	EndGlobalSection
	GlobalSection(ExtensibilityGlobals) = postSolution
		SolutionGuid = {E9DAD3FB-3DFA-4084-947C-E8734B9E6456}
	EndGlobalSection
EndGlobal
